// !$*UTF8*$!
{
	archiveVersion = 1;
	classes = {
	};
	objectVersion = 55;
	objects = {

/* Begin PBXBuildFile section */
		14748BC74E56A0981AC6DBE4 /* Pods_NextDorm.framework in Frameworks */ = {isa = PBXBuildFile; fileRef = 7E25D14F002A9818181B44A9 /* Pods_NextDorm.framework */; };
		1514FE5BA531E2998AF9CF8B /* Pods_NextDormTests.framework in Frameworks */ = {isa = PBXBuildFile; fileRef = 4460527C7E847F1370502B0B /* Pods_NextDormTests.framework */; };
		1D0AC429281CE8D400D38A2A /* RoommateFeedViewController.swift in Sources */ = {isa = PBXBuildFile; fileRef = 1D0AC428281CE8D400D38A2A /* RoommateFeedViewController.swift */; };
		1D0AC42C281CE99A00D38A2A /* AddLostFoundViewController.swift in Sources */ = {isa = PBXBuildFile; fileRef = 1D0AC42B281CE99A00D38A2A /* AddLostFoundViewController.swift */; };
		1D0AC42E281CE9CC00D38A2A /* AddBuySellViewController.swift in Sources */ = {isa = PBXBuildFile; fileRef = 1D0AC42D281CE9CC00D38A2A /* AddBuySellViewController.swift */; };
		1D59C52628021421009E40B0 /* LoginViewController.swift in Sources */ = {isa = PBXBuildFile; fileRef = 1D59C52528021421009E40B0 /* LoginViewController.swift */; };
		1D59C52828021440009E40B0 /* FeedViewController.swift in Sources */ = {isa = PBXBuildFile; fileRef = 1D59C52728021440009E40B0 /* FeedViewController.swift */; };
		1D8007BD2818F99500FAE988 /* GeneralPostCell.swift in Sources */ = {isa = PBXBuildFile; fileRef = 1D8007BC2818F99500FAE988 /* GeneralPostCell.swift */; };
		B42B5E0827FA119A00DFCC69 /* AppDelegate.swift in Sources */ = {isa = PBXBuildFile; fileRef = B42B5E0727FA119A00DFCC69 /* AppDelegate.swift */; };
		B42B5E0A27FA119A00DFCC69 /* SceneDelegate.swift in Sources */ = {isa = PBXBuildFile; fileRef = B42B5E0927FA119A00DFCC69 /* SceneDelegate.swift */; };
		B42B5E0F27FA119A00DFCC69 /* Main.storyboard in Resources */ = {isa = PBXBuildFile; fileRef = B42B5E0D27FA119A00DFCC69 /* Main.storyboard */; };
		B42B5E1127FA119E00DFCC69 /* Assets.xcassets in Resources */ = {isa = PBXBuildFile; fileRef = B42B5E1027FA119E00DFCC69 /* Assets.xcassets */; };
		B42B5E1427FA119E00DFCC69 /* LaunchScreen.storyboard in Resources */ = {isa = PBXBuildFile; fileRef = B42B5E1227FA119E00DFCC69 /* LaunchScreen.storyboard */; };
		B42B5E1F27FA119E00DFCC69 /* NextDormTests.swift in Sources */ = {isa = PBXBuildFile; fileRef = B42B5E1E27FA119E00DFCC69 /* NextDormTests.swift */; };
		B42B5E2927FA119F00DFCC69 /* NextDormUITests.swift in Sources */ = {isa = PBXBuildFile; fileRef = B42B5E2827FA119F00DFCC69 /* NextDormUITests.swift */; };
		B42B5E2B27FA119F00DFCC69 /* NextDormUITestsLaunchTests.swift in Sources */ = {isa = PBXBuildFile; fileRef = B42B5E2A27FA119F00DFCC69 /* NextDormUITestsLaunchTests.swift */; };
		B45A09662803AA33005A2E65 /* GuidelineViewController.swift in Sources */ = {isa = PBXBuildFile; fileRef = B45A09652803AA33005A2E65 /* GuidelineViewController.swift */; };
		B48A3B2B280E5F5C00D93DF4 /* LostAndFoundViewController.swift in Sources */ = {isa = PBXBuildFile; fileRef = B48A3B2A280E5F5C00D93DF4 /* LostAndFoundViewController.swift */; };
		B48A3B2D280E5FA500D93DF4 /* BuyAndSellViewController.swift in Sources */ = {isa = PBXBuildFile; fileRef = B48A3B2C280E5FA500D93DF4 /* BuyAndSellViewController.swift */; };
		B48A3B2F280E5FC900D93DF4 /* AddRoomateViewController.swift in Sources */ = {isa = PBXBuildFile; fileRef = B48A3B2E280E5FC900D93DF4 /* AddRoomateViewController.swift */; };
		B495DFF52820899A00736ACA /* ProfileCell.swift in Sources */ = {isa = PBXBuildFile; fileRef = B495DFF42820899A00736ACA /* ProfileCell.swift */; };
		B4C60E9928160387009F4D4E /* AddPostViewController.swift in Sources */ = {isa = PBXBuildFile; fileRef = B4C60E9828160387009F4D4E /* AddPostViewController.swift */; };
		B4C60E9B28160E10009F4D4E /* AddForSaleViewController.swift in Sources */ = {isa = PBXBuildFile; fileRef = B4C60E9A28160E10009F4D4E /* AddForSaleViewController.swift */; };
		CBC7C0C5D5F84B0BCCAC14B4 /* Pods_NextDorm_NextDormUITests.framework in Frameworks */ = {isa = PBXBuildFile; fileRef = EB14E81147CFB0C955727885 /* Pods_NextDorm_NextDormUITests.framework */; };
/* End PBXBuildFile section */

/* Begin PBXContainerItemProxy section */
		B42B5E1B27FA119E00DFCC69 /* PBXContainerItemProxy */ = {
			isa = PBXContainerItemProxy;
			containerPortal = B42B5DFC27FA119A00DFCC69 /* Project object */;
			proxyType = 1;
			remoteGlobalIDString = B42B5E0327FA119A00DFCC69;
			remoteInfo = NextDorm;
		};
		B42B5E2527FA119F00DFCC69 /* PBXContainerItemProxy */ = {
			isa = PBXContainerItemProxy;
			containerPortal = B42B5DFC27FA119A00DFCC69 /* Project object */;
			proxyType = 1;
			remoteGlobalIDString = B42B5E0327FA119A00DFCC69;
			remoteInfo = NextDorm;
		};
/* End PBXContainerItemProxy section */

/* Begin PBXFileReference section */
		08F1F5014D154CE1FF7C0409 /* Pods-NextDormTests.debug.xcconfig */ = {isa = PBXFileReference; includeInIndex = 1; lastKnownFileType = text.xcconfig; name = "Pods-NextDormTests.debug.xcconfig"; path = "Target Support Files/Pods-NextDormTests/Pods-NextDormTests.debug.xcconfig"; sourceTree = "<group>"; };
		1D0AC428281CE8D400D38A2A /* RoommateFeedViewController.swift */ = {isa = PBXFileReference; lastKnownFileType = sourcecode.swift; path = RoommateFeedViewController.swift; sourceTree = "<group>"; };
		1D0AC42B281CE99A00D38A2A /* AddLostFoundViewController.swift */ = {isa = PBXFileReference; lastKnownFileType = sourcecode.swift; path = AddLostFoundViewController.swift; sourceTree = "<group>"; };
		1D0AC42D281CE9CC00D38A2A /* AddBuySellViewController.swift */ = {isa = PBXFileReference; lastKnownFileType = sourcecode.swift; path = AddBuySellViewController.swift; sourceTree = "<group>"; };
		1D59C52528021421009E40B0 /* LoginViewController.swift */ = {isa = PBXFileReference; lastKnownFileType = sourcecode.swift; path = LoginViewController.swift; sourceTree = "<group>"; };
		1D59C52728021440009E40B0 /* FeedViewController.swift */ = {isa = PBXFileReference; lastKnownFileType = sourcecode.swift; path = FeedViewController.swift; sourceTree = "<group>"; };
		1D8007BC2818F99500FAE988 /* GeneralPostCell.swift */ = {isa = PBXFileReference; lastKnownFileType = sourcecode.swift; path = GeneralPostCell.swift; sourceTree = "<group>"; };
		4460527C7E847F1370502B0B /* Pods_NextDormTests.framework */ = {isa = PBXFileReference; explicitFileType = wrapper.framework; includeInIndex = 0; path = Pods_NextDormTests.framework; sourceTree = BUILT_PRODUCTS_DIR; };
		5395987E1463B45D795778B8 /* Pods-NextDormTests.release.xcconfig */ = {isa = PBXFileReference; includeInIndex = 1; lastKnownFileType = text.xcconfig; name = "Pods-NextDormTests.release.xcconfig"; path = "Target Support Files/Pods-NextDormTests/Pods-NextDormTests.release.xcconfig"; sourceTree = "<group>"; };
		7D6CFA58AE25B691C0F80C24 /* Pods-NextDorm.debug.xcconfig */ = {isa = PBXFileReference; includeInIndex = 1; lastKnownFileType = text.xcconfig; name = "Pods-NextDorm.debug.xcconfig"; path = "Target Support Files/Pods-NextDorm/Pods-NextDorm.debug.xcconfig"; sourceTree = "<group>"; };
		7E25D14F002A9818181B44A9 /* Pods_NextDorm.framework */ = {isa = PBXFileReference; explicitFileType = wrapper.framework; includeInIndex = 0; path = Pods_NextDorm.framework; sourceTree = BUILT_PRODUCTS_DIR; };
		B42B5E0427FA119A00DFCC69 /* NextDorm.app */ = {isa = PBXFileReference; explicitFileType = wrapper.application; includeInIndex = 0; path = NextDorm.app; sourceTree = BUILT_PRODUCTS_DIR; };
		B42B5E0727FA119A00DFCC69 /* AppDelegate.swift */ = {isa = PBXFileReference; lastKnownFileType = sourcecode.swift; path = AppDelegate.swift; sourceTree = "<group>"; };
		B42B5E0927FA119A00DFCC69 /* SceneDelegate.swift */ = {isa = PBXFileReference; lastKnownFileType = sourcecode.swift; path = SceneDelegate.swift; sourceTree = "<group>"; };
		B42B5E0E27FA119A00DFCC69 /* Base */ = {isa = PBXFileReference; lastKnownFileType = file.storyboard; name = Base; path = Base.lproj/Main.storyboard; sourceTree = "<group>"; };
		B42B5E1027FA119E00DFCC69 /* Assets.xcassets */ = {isa = PBXFileReference; lastKnownFileType = folder.assetcatalog; path = Assets.xcassets; sourceTree = "<group>"; };
		B42B5E1327FA119E00DFCC69 /* Base */ = {isa = PBXFileReference; lastKnownFileType = file.storyboard; name = Base; path = Base.lproj/LaunchScreen.storyboard; sourceTree = "<group>"; };
		B42B5E1527FA119E00DFCC69 /* Info.plist */ = {isa = PBXFileReference; lastKnownFileType = text.plist.xml; path = Info.plist; sourceTree = "<group>"; };
		B42B5E1A27FA119E00DFCC69 /* NextDormTests.xctest */ = {isa = PBXFileReference; explicitFileType = wrapper.cfbundle; includeInIndex = 0; path = NextDormTests.xctest; sourceTree = BUILT_PRODUCTS_DIR; };
		B42B5E1E27FA119E00DFCC69 /* NextDormTests.swift */ = {isa = PBXFileReference; lastKnownFileType = sourcecode.swift; path = NextDormTests.swift; sourceTree = "<group>"; };
		B42B5E2427FA119F00DFCC69 /* NextDormUITests.xctest */ = {isa = PBXFileReference; explicitFileType = wrapper.cfbundle; includeInIndex = 0; path = NextDormUITests.xctest; sourceTree = BUILT_PRODUCTS_DIR; };
		B42B5E2827FA119F00DFCC69 /* NextDormUITests.swift */ = {isa = PBXFileReference; lastKnownFileType = sourcecode.swift; path = NextDormUITests.swift; sourceTree = "<group>"; };
		B42B5E2A27FA119F00DFCC69 /* NextDormUITestsLaunchTests.swift */ = {isa = PBXFileReference; lastKnownFileType = sourcecode.swift; path = NextDormUITestsLaunchTests.swift; sourceTree = "<group>"; };
		B45A09652803AA33005A2E65 /* GuidelineViewController.swift */ = {isa = PBXFileReference; lastKnownFileType = sourcecode.swift; path = GuidelineViewController.swift; sourceTree = "<group>"; };
		B48A3B2A280E5F5C00D93DF4 /* LostAndFoundViewController.swift */ = {isa = PBXFileReference; lastKnownFileType = sourcecode.swift; path = LostAndFoundViewController.swift; sourceTree = "<group>"; };
		B48A3B2C280E5FA500D93DF4 /* BuyAndSellViewController.swift */ = {isa = PBXFileReference; lastKnownFileType = sourcecode.swift; path = BuyAndSellViewController.swift; sourceTree = "<group>"; };
		B48A3B2E280E5FC900D93DF4 /* AddRoomateViewController.swift */ = {isa = PBXFileReference; lastKnownFileType = sourcecode.swift; path = AddRoomateViewController.swift; sourceTree = "<group>"; };
		B495DFF42820899A00736ACA /* ProfileCell.swift */ = {isa = PBXFileReference; lastKnownFileType = sourcecode.swift; path = ProfileCell.swift; sourceTree = "<group>"; };
		B4C60E9828160387009F4D4E /* AddPostViewController.swift */ = {isa = PBXFileReference; lastKnownFileType = sourcecode.swift; path = AddPostViewController.swift; sourceTree = "<group>"; };
		B4C60E9A28160E10009F4D4E /* AddForSaleViewController.swift */ = {isa = PBXFileReference; lastKnownFileType = sourcecode.swift; path = AddForSaleViewController.swift; sourceTree = "<group>"; };
		B8538D4311291B440F6EEDF3 /* Pods-NextDorm-NextDormUITests.release.xcconfig */ = {isa = PBXFileReference; includeInIndex = 1; lastKnownFileType = text.xcconfig; name = "Pods-NextDorm-NextDormUITests.release.xcconfig"; path = "Target Support Files/Pods-NextDorm-NextDormUITests/Pods-NextDorm-NextDormUITests.release.xcconfig"; sourceTree = "<group>"; };
		C9E28669688DD9B899702A82 /* Pods-NextDorm.release.xcconfig */ = {isa = PBXFileReference; includeInIndex = 1; lastKnownFileType = text.xcconfig; name = "Pods-NextDorm.release.xcconfig"; path = "Target Support Files/Pods-NextDorm/Pods-NextDorm.release.xcconfig"; sourceTree = "<group>"; };
		EB14E81147CFB0C955727885 /* Pods_NextDorm_NextDormUITests.framework */ = {isa = PBXFileReference; explicitFileType = wrapper.framework; includeInIndex = 0; path = Pods_NextDorm_NextDormUITests.framework; sourceTree = BUILT_PRODUCTS_DIR; };
		F64020014F1E77F8A1430313 /* Pods-NextDorm-NextDormUITests.debug.xcconfig */ = {isa = PBXFileReference; includeInIndex = 1; lastKnownFileType = text.xcconfig; name = "Pods-NextDorm-NextDormUITests.debug.xcconfig"; path = "Target Support Files/Pods-NextDorm-NextDormUITests/Pods-NextDorm-NextDormUITests.debug.xcconfig"; sourceTree = "<group>"; };
/* End PBXFileReference section */

/* Begin PBXFrameworksBuildPhase section */
		B42B5E0127FA119A00DFCC69 /* Frameworks */ = {
			isa = PBXFrameworksBuildPhase;
			buildActionMask = 2147483647;
			files = (
				14748BC74E56A0981AC6DBE4 /* Pods_NextDorm.framework in Frameworks */,
			);
			runOnlyForDeploymentPostprocessing = 0;
		};
		B42B5E1727FA119E00DFCC69 /* Frameworks */ = {
			isa = PBXFrameworksBuildPhase;
			buildActionMask = 2147483647;
			files = (
				1514FE5BA531E2998AF9CF8B /* Pods_NextDormTests.framework in Frameworks */,
			);
			runOnlyForDeploymentPostprocessing = 0;
		};
		B42B5E2127FA119F00DFCC69 /* Frameworks */ = {
			isa = PBXFrameworksBuildPhase;
			buildActionMask = 2147483647;
			files = (
				CBC7C0C5D5F84B0BCCAC14B4 /* Pods_NextDorm_NextDormUITests.framework in Frameworks */,
			);
			runOnlyForDeploymentPostprocessing = 0;
		};
/* End PBXFrameworksBuildPhase section */

/* Begin PBXGroup section */
		0BF6C15DF16A9F0A116D3E4F /* Frameworks */ = {
			isa = PBXGroup;
			children = (
				7E25D14F002A9818181B44A9 /* Pods_NextDorm.framework */,
				EB14E81147CFB0C955727885 /* Pods_NextDorm_NextDormUITests.framework */,
				4460527C7E847F1370502B0B /* Pods_NextDormTests.framework */,
			);
			name = Frameworks;
			sourceTree = "<group>";
		};
		0F330F5C2DA951EC53600099 /* Pods */ = {
			isa = PBXGroup;
			children = (
				7D6CFA58AE25B691C0F80C24 /* Pods-NextDorm.debug.xcconfig */,
				C9E28669688DD9B899702A82 /* Pods-NextDorm.release.xcconfig */,
				F64020014F1E77F8A1430313 /* Pods-NextDorm-NextDormUITests.debug.xcconfig */,
				B8538D4311291B440F6EEDF3 /* Pods-NextDorm-NextDormUITests.release.xcconfig */,
				08F1F5014D154CE1FF7C0409 /* Pods-NextDormTests.debug.xcconfig */,
				5395987E1463B45D795778B8 /* Pods-NextDormTests.release.xcconfig */,
			);
			path = Pods;
			sourceTree = "<group>";
		};
		B42B5DFB27FA119A00DFCC69 = {
			isa = PBXGroup;
			children = (
				B42B5E0627FA119A00DFCC69 /* NextDorm */,
				B42B5E1D27FA119E00DFCC69 /* NextDormTests */,
				B42B5E2727FA119F00DFCC69 /* NextDormUITests */,
				B42B5E0527FA119A00DFCC69 /* Products */,
				0F330F5C2DA951EC53600099 /* Pods */,
				0BF6C15DF16A9F0A116D3E4F /* Frameworks */,
			);
			sourceTree = "<group>";
		};
		B42B5E0527FA119A00DFCC69 /* Products */ = {
			isa = PBXGroup;
			children = (
				B42B5E0427FA119A00DFCC69 /* NextDorm.app */,
				B42B5E1A27FA119E00DFCC69 /* NextDormTests.xctest */,
				B42B5E2427FA119F00DFCC69 /* NextDormUITests.xctest */,
			);
			name = Products;
			sourceTree = "<group>";
		};
		B42B5E0627FA119A00DFCC69 /* NextDorm */ = {
			isa = PBXGroup;
			children = (
				B42B5E0727FA119A00DFCC69 /* AppDelegate.swift */,
				B42B5E0927FA119A00DFCC69 /* SceneDelegate.swift */,
				B42B5E0D27FA119A00DFCC69 /* Main.storyboard */,
				B48A3B2C280E5FA500D93DF4 /* BuyAndSellViewController.swift */,
				B42B5E1027FA119E00DFCC69 /* Assets.xcassets */,
				B42B5E1227FA119E00DFCC69 /* LaunchScreen.storyboard */,
				B42B5E1527FA119E00DFCC69 /* Info.plist */,
				1D59C52528021421009E40B0 /* LoginViewController.swift */,
				1D59C52728021440009E40B0 /* FeedViewController.swift */,
				B45A09652803AA33005A2E65 /* GuidelineViewController.swift */,
				B48A3B2A280E5F5C00D93DF4 /* LostAndFoundViewController.swift */,
				B48A3B2E280E5FC900D93DF4 /* AddRoomateViewController.swift */,
				B4C60E9828160387009F4D4E /* AddPostViewController.swift */,
				B4C60E9A28160E10009F4D4E /* AddForSaleViewController.swift */,
				1D8007BC2818F99500FAE988 /* GeneralPostCell.swift */,
				1D0AC428281CE8D400D38A2A /* RoommateFeedViewController.swift */,
				1D0AC42B281CE99A00D38A2A /* AddLostFoundViewController.swift */,
				1D0AC42D281CE9CC00D38A2A /* AddBuySellViewController.swift */,
				B495DFF42820899A00736ACA /* ProfileCell.swift */,
			);
			path = NextDorm;
			sourceTree = "<group>";
		};
		B42B5E1D27FA119E00DFCC69 /* NextDormTests */ = {
			isa = PBXGroup;
			children = (
				B42B5E1E27FA119E00DFCC69 /* NextDormTests.swift */,
			);
			path = NextDormTests;
			sourceTree = "<group>";
		};
		B42B5E2727FA119F00DFCC69 /* NextDormUITests */ = {
			isa = PBXGroup;
			children = (
				B42B5E2827FA119F00DFCC69 /* NextDormUITests.swift */,
				B42B5E2A27FA119F00DFCC69 /* NextDormUITestsLaunchTests.swift */,
			);
			path = NextDormUITests;
			sourceTree = "<group>";
		};
/* End PBXGroup section */

/* Begin PBXNativeTarget section */
		B42B5E0327FA119A00DFCC69 /* NextDorm */ = {
			isa = PBXNativeTarget;
			buildConfigurationList = B42B5E2E27FA119F00DFCC69 /* Build configuration list for PBXNativeTarget "NextDorm" */;
			buildPhases = (
				9DCDC813270348C18BA4E3AE /* [CP] Check Pods Manifest.lock */,
				B42B5E0027FA119A00DFCC69 /* Sources */,
				B42B5E0127FA119A00DFCC69 /* Frameworks */,
				B42B5E0227FA119A00DFCC69 /* Resources */,
				3ACFF0A81DD908413004C1C6 /* [CP] Embed Pods Frameworks */,
			);
			buildRules = (
			);
			dependencies = (
			);
			name = NextDorm;
			productName = NextDorm;
			productReference = B42B5E0427FA119A00DFCC69 /* NextDorm.app */;
			productType = "com.apple.product-type.application";
		};
		B42B5E1927FA119E00DFCC69 /* NextDormTests */ = {
			isa = PBXNativeTarget;
			buildConfigurationList = B42B5E3127FA119F00DFCC69 /* Build configuration list for PBXNativeTarget "NextDormTests" */;
			buildPhases = (
				A1BB98B0632C09FA699EADBA /* [CP] Check Pods Manifest.lock */,
				B42B5E1627FA119E00DFCC69 /* Sources */,
				B42B5E1727FA119E00DFCC69 /* Frameworks */,
				B42B5E1827FA119E00DFCC69 /* Resources */,
			);
			buildRules = (
			);
			dependencies = (
				B42B5E1C27FA119E00DFCC69 /* PBXTargetDependency */,
			);
			name = NextDormTests;
			productName = NextDormTests;
			productReference = B42B5E1A27FA119E00DFCC69 /* NextDormTests.xctest */;
			productType = "com.apple.product-type.bundle.unit-test";
		};
		B42B5E2327FA119F00DFCC69 /* NextDormUITests */ = {
			isa = PBXNativeTarget;
			buildConfigurationList = B42B5E3427FA119F00DFCC69 /* Build configuration list for PBXNativeTarget "NextDormUITests" */;
			buildPhases = (
				1AAEBCFF8C7731DE676CC823 /* [CP] Check Pods Manifest.lock */,
				B42B5E2027FA119F00DFCC69 /* Sources */,
				B42B5E2127FA119F00DFCC69 /* Frameworks */,
				B42B5E2227FA119F00DFCC69 /* Resources */,
				1D37A380455BEA0078A5EBAB /* [CP] Embed Pods Frameworks */,
			);
			buildRules = (
			);
			dependencies = (
				B42B5E2627FA119F00DFCC69 /* PBXTargetDependency */,
			);
			name = NextDormUITests;
			productName = NextDormUITests;
			productReference = B42B5E2427FA119F00DFCC69 /* NextDormUITests.xctest */;
			productType = "com.apple.product-type.bundle.ui-testing";
		};
/* End PBXNativeTarget section */

/* Begin PBXProject section */
		B42B5DFC27FA119A00DFCC69 /* Project object */ = {
			isa = PBXProject;
			attributes = {
				BuildIndependentTargetsInParallel = 1;
				LastSwiftUpdateCheck = 1320;
				LastUpgradeCheck = 1320;
				TargetAttributes = {
					B42B5E0327FA119A00DFCC69 = {
						CreatedOnToolsVersion = 13.2.1;
					};
					B42B5E1927FA119E00DFCC69 = {
						CreatedOnToolsVersion = 13.2.1;
						TestTargetID = B42B5E0327FA119A00DFCC69;
					};
					B42B5E2327FA119F00DFCC69 = {
						CreatedOnToolsVersion = 13.2.1;
						TestTargetID = B42B5E0327FA119A00DFCC69;
					};
				};
			};
			buildConfigurationList = B42B5DFF27FA119A00DFCC69 /* Build configuration list for PBXProject "NextDorm" */;
			compatibilityVersion = "Xcode 13.0";
			developmentRegion = en;
			hasScannedForEncodings = 0;
			knownRegions = (
				en,
				Base,
			);
			mainGroup = B42B5DFB27FA119A00DFCC69;
			productRefGroup = B42B5E0527FA119A00DFCC69 /* Products */;
			projectDirPath = "";
			projectRoot = "";
			targets = (
				B42B5E0327FA119A00DFCC69 /* NextDorm */,
				B42B5E1927FA119E00DFCC69 /* NextDormTests */,
				B42B5E2327FA119F00DFCC69 /* NextDormUITests */,
			);
		};
/* End PBXProject section */

/* Begin PBXResourcesBuildPhase section */
		B42B5E0227FA119A00DFCC69 /* Resources */ = {
			isa = PBXResourcesBuildPhase;
			buildActionMask = 2147483647;
			files = (
				B42B5E1427FA119E00DFCC69 /* LaunchScreen.storyboard in Resources */,
				B42B5E1127FA119E00DFCC69 /* Assets.xcassets in Resources */,
				B42B5E0F27FA119A00DFCC69 /* Main.storyboard in Resources */,
			);
			runOnlyForDeploymentPostprocessing = 0;
		};
		B42B5E1827FA119E00DFCC69 /* Resources */ = {
			isa = PBXResourcesBuildPhase;
			buildActionMask = 2147483647;
			files = (
			);
			runOnlyForDeploymentPostprocessing = 0;
		};
		B42B5E2227FA119F00DFCC69 /* Resources */ = {
			isa = PBXResourcesBuildPhase;
			buildActionMask = 2147483647;
			files = (
			);
			runOnlyForDeploymentPostprocessing = 0;
		};
/* End PBXResourcesBuildPhase section */

/* Begin PBXShellScriptBuildPhase section */
		1AAEBCFF8C7731DE676CC823 /* [CP] Check Pods Manifest.lock */ = {
			isa = PBXShellScriptBuildPhase;
			buildActionMask = 2147483647;
			files = (
			);
			inputFileListPaths = (
			);
			inputPaths = (
				"${PODS_PODFILE_DIR_PATH}/Podfile.lock",
				"${PODS_ROOT}/Manifest.lock",
			);
			name = "[CP] Check Pods Manifest.lock";
			outputFileListPaths = (
			);
			outputPaths = (
				"$(DERIVED_FILE_DIR)/Pods-NextDorm-NextDormUITests-checkManifestLockResult.txt",
			);
			runOnlyForDeploymentPostprocessing = 0;
			shellPath = /bin/sh;
			shellScript = "diff \"${PODS_PODFILE_DIR_PATH}/Podfile.lock\" \"${PODS_ROOT}/Manifest.lock\" > /dev/null\nif [ $? != 0 ] ; then\n    # print error to STDERR\n    echo \"error: The sandbox is not in sync with the Podfile.lock. Run 'pod install' or update your CocoaPods installation.\" >&2\n    exit 1\nfi\n# This output is used by Xcode 'outputs' to avoid re-running this script phase.\necho \"SUCCESS\" > \"${SCRIPT_OUTPUT_FILE_0}\"\n";
			showEnvVarsInLog = 0;
		};
		1D37A380455BEA0078A5EBAB /* [CP] Embed Pods Frameworks */ = {
			isa = PBXShellScriptBuildPhase;
			buildActionMask = 2147483647;
			files = (
			);
			inputFileListPaths = (
				"${PODS_ROOT}/Target Support Files/Pods-NextDorm-NextDormUITests/Pods-NextDorm-NextDormUITests-frameworks-${CONFIGURATION}-input-files.xcfilelist",
			);
			name = "[CP] Embed Pods Frameworks";
			outputFileListPaths = (
				"${PODS_ROOT}/Target Support Files/Pods-NextDorm-NextDormUITests/Pods-NextDorm-NextDormUITests-frameworks-${CONFIGURATION}-output-files.xcfilelist",
			);
			runOnlyForDeploymentPostprocessing = 0;
			shellPath = /bin/sh;
			shellScript = "\"${PODS_ROOT}/Target Support Files/Pods-NextDorm-NextDormUITests/Pods-NextDorm-NextDormUITests-frameworks.sh\"\n";
			showEnvVarsInLog = 0;
		};
		3ACFF0A81DD908413004C1C6 /* [CP] Embed Pods Frameworks */ = {
			isa = PBXShellScriptBuildPhase;
			buildActionMask = 2147483647;
			files = (
			);
			inputFileListPaths = (
				"${PODS_ROOT}/Target Support Files/Pods-NextDorm/Pods-NextDorm-frameworks-${CONFIGURATION}-input-files.xcfilelist",
			);
			name = "[CP] Embed Pods Frameworks";
			outputFileListPaths = (
				"${PODS_ROOT}/Target Support Files/Pods-NextDorm/Pods-NextDorm-frameworks-${CONFIGURATION}-output-files.xcfilelist",
			);
			runOnlyForDeploymentPostprocessing = 0;
			shellPath = /bin/sh;
			shellScript = "\"${PODS_ROOT}/Target Support Files/Pods-NextDorm/Pods-NextDorm-frameworks.sh\"\n";
			showEnvVarsInLog = 0;
		};
		9DCDC813270348C18BA4E3AE /* [CP] Check Pods Manifest.lock */ = {
			isa = PBXShellScriptBuildPhase;
			buildActionMask = 2147483647;
			files = (
			);
			inputFileListPaths = (
			);
			inputPaths = (
				"${PODS_PODFILE_DIR_PATH}/Podfile.lock",
				"${PODS_ROOT}/Manifest.lock",
			);
			name = "[CP] Check Pods Manifest.lock";
			outputFileListPaths = (
			);
			outputPaths = (
				"$(DERIVED_FILE_DIR)/Pods-NextDorm-checkManifestLockResult.txt",
			);
			runOnlyForDeploymentPostprocessing = 0;
			shellPath = /bin/sh;
			shellScript = "diff \"${PODS_PODFILE_DIR_PATH}/Podfile.lock\" \"${PODS_ROOT}/Manifest.lock\" > /dev/null\nif [ $? != 0 ] ; then\n    # print error to STDERR\n    echo \"error: The sandbox is not in sync with the Podfile.lock. Run 'pod install' or update your CocoaPods installation.\" >&2\n    exit 1\nfi\n# This output is used by Xcode 'outputs' to avoid re-running this script phase.\necho \"SUCCESS\" > \"${SCRIPT_OUTPUT_FILE_0}\"\n";
			showEnvVarsInLog = 0;
		};
		A1BB98B0632C09FA699EADBA /* [CP] Check Pods Manifest.lock */ = {
			isa = PBXShellScriptBuildPhase;
			buildActionMask = 2147483647;
			files = (
			);
			inputFileListPaths = (
			);
			inputPaths = (
				"${PODS_PODFILE_DIR_PATH}/Podfile.lock",
				"${PODS_ROOT}/Manifest.lock",
			);
			name = "[CP] Check Pods Manifest.lock";
			outputFileListPaths = (
			);
			outputPaths = (
				"$(DERIVED_FILE_DIR)/Pods-NextDormTests-checkManifestLockResult.txt",
			);
			runOnlyForDeploymentPostprocessing = 0;
			shellPath = /bin/sh;
			shellScript = "diff \"${PODS_PODFILE_DIR_PATH}/Podfile.lock\" \"${PODS_ROOT}/Manifest.lock\" > /dev/null\nif [ $? != 0 ] ; then\n    # print error to STDERR\n    echo \"error: The sandbox is not in sync with the Podfile.lock. Run 'pod install' or update your CocoaPods installation.\" >&2\n    exit 1\nfi\n# This output is used by Xcode 'outputs' to avoid re-running this script phase.\necho \"SUCCESS\" > \"${SCRIPT_OUTPUT_FILE_0}\"\n";
			showEnvVarsInLog = 0;
		};
/* End PBXShellScriptBuildPhase section */

/* Begin PBXSourcesBuildPhase section */
		B42B5E0027FA119A00DFCC69 /* Sources */ = {
			isa = PBXSourcesBuildPhase;
			buildActionMask = 2147483647;
			files = (
				B48A3B2D280E5FA500D93DF4 /* BuyAndSellViewController.swift in Sources */,
				1D0AC42E281CE9CC00D38A2A /* AddBuySellViewController.swift in Sources */,
				1D0AC429281CE8D400D38A2A /* RoommateFeedViewController.swift in Sources */,
				B4C60E9928160387009F4D4E /* AddPostViewController.swift in Sources */,
				1D59C52628021421009E40B0 /* LoginViewController.swift in Sources */,
				1D0AC42C281CE99A00D38A2A /* AddLostFoundViewController.swift in Sources */,
				B4C60E9B28160E10009F4D4E /* AddForSaleViewController.swift in Sources */,
				B42B5E0827FA119A00DFCC69 /* AppDelegate.swift in Sources */,
				1D59C52828021440009E40B0 /* FeedViewController.swift in Sources */,
				B495DFF52820899A00736ACA /* ProfileCell.swift in Sources */,
				B48A3B2F280E5FC900D93DF4 /* AddRoomateViewController.swift in Sources */,
				1D8007BD2818F99500FAE988 /* GeneralPostCell.swift in Sources */,
				B45A09662803AA33005A2E65 /* GuidelineViewController.swift in Sources */,
				B48A3B2B280E5F5C00D93DF4 /* LostAndFoundViewController.swift in Sources */,
				B42B5E0A27FA119A00DFCC69 /* SceneDelegate.swift in Sources */,
			);
			runOnlyForDeploymentPostprocessing = 0;
		};
		B42B5E1627FA119E00DFCC69 /* Sources */ = {
			isa = PBXSourcesBuildPhase;
			buildActionMask = 2147483647;
			files = (
				B42B5E1F27FA119E00DFCC69 /* NextDormTests.swift in Sources */,
			);
			runOnlyForDeploymentPostprocessing = 0;
		};
		B42B5E2027FA119F00DFCC69 /* Sources */ = {
			isa = PBXSourcesBuildPhase;
			buildActionMask = 2147483647;
			files = (
				B42B5E2B27FA119F00DFCC69 /* NextDormUITestsLaunchTests.swift in Sources */,
				B42B5E2927FA119F00DFCC69 /* NextDormUITests.swift in Sources */,
			);
			runOnlyForDeploymentPostprocessing = 0;
		};
/* End PBXSourcesBuildPhase section */

/* Begin PBXTargetDependency section */
		B42B5E1C27FA119E00DFCC69 /* PBXTargetDependency */ = {
			isa = PBXTargetDependency;
			target = B42B5E0327FA119A00DFCC69 /* NextDorm */;
			targetProxy = B42B5E1B27FA119E00DFCC69 /* PBXContainerItemProxy */;
		};
		B42B5E2627FA119F00DFCC69 /* PBXTargetDependency */ = {
			isa = PBXTargetDependency;
			target = B42B5E0327FA119A00DFCC69 /* NextDorm */;
			targetProxy = B42B5E2527FA119F00DFCC69 /* PBXContainerItemProxy */;
		};
/* End PBXTargetDependency section */

/* Begin PBXVariantGroup section */
		B42B5E0D27FA119A00DFCC69 /* Main.storyboard */ = {
			isa = PBXVariantGroup;
			children = (
				B42B5E0E27FA119A00DFCC69 /* Base */,
			);
			name = Main.storyboard;
			sourceTree = "<group>";
		};
		B42B5E1227FA119E00DFCC69 /* LaunchScreen.storyboard */ = {
			isa = PBXVariantGroup;
			children = (
				B42B5E1327FA119E00DFCC69 /* Base */,
			);
			name = LaunchScreen.storyboard;
			sourceTree = "<group>";
		};
/* End PBXVariantGroup section */

/* Begin XCBuildConfiguration section */
		B42B5E2C27FA119F00DFCC69 /* Debug */ = {
			isa = XCBuildConfiguration;
			buildSettings = {
				ALWAYS_SEARCH_USER_PATHS = NO;
				CLANG_ANALYZER_NONNULL = YES;
				CLANG_ANALYZER_NUMBER_OBJECT_CONVERSION = YES_AGGRESSIVE;
				CLANG_CXX_LANGUAGE_STANDARD = "gnu++17";
				CLANG_CXX_LIBRARY = "libc++";
				CLANG_ENABLE_MODULES = YES;
				CLANG_ENABLE_OBJC_ARC = YES;
				CLANG_ENABLE_OBJC_WEAK = YES;
				CLANG_WARN_BLOCK_CAPTURE_AUTORELEASING = YES;
				CLANG_WARN_BOOL_CONVERSION = YES;
				CLANG_WARN_COMMA = YES;
				CLANG_WARN_CONSTANT_CONVERSION = YES;
				CLANG_WARN_DEPRECATED_OBJC_IMPLEMENTATIONS = YES;
				CLANG_WARN_DIRECT_OBJC_ISA_USAGE = YES_ERROR;
				CLANG_WARN_DOCUMENTATION_COMMENTS = YES;
				CLANG_WARN_EMPTY_BODY = YES;
				CLANG_WARN_ENUM_CONVERSION = YES;
				CLANG_WARN_INFINITE_RECURSION = YES;
				CLANG_WARN_INT_CONVERSION = YES;
				CLANG_WARN_NON_LITERAL_NULL_CONVERSION = YES;
				CLANG_WARN_OBJC_IMPLICIT_RETAIN_SELF = YES;
				CLANG_WARN_OBJC_LITERAL_CONVERSION = YES;
				CLANG_WARN_OBJC_ROOT_CLASS = YES_ERROR;
				CLANG_WARN_QUOTED_INCLUDE_IN_FRAMEWORK_HEADER = YES;
				CLANG_WARN_RANGE_LOOP_ANALYSIS = YES;
				CLANG_WARN_STRICT_PROTOTYPES = YES;
				CLANG_WARN_SUSPICIOUS_MOVE = YES;
				CLANG_WARN_UNGUARDED_AVAILABILITY = YES_AGGRESSIVE;
				CLANG_WARN_UNREACHABLE_CODE = YES;
				CLANG_WARN__DUPLICATE_METHOD_MATCH = YES;
				COPY_PHASE_STRIP = NO;
				DEBUG_INFORMATION_FORMAT = dwarf;
				ENABLE_STRICT_OBJC_MSGSEND = YES;
				ENABLE_TESTABILITY = YES;
				GCC_C_LANGUAGE_STANDARD = gnu11;
				GCC_DYNAMIC_NO_PIC = NO;
				GCC_NO_COMMON_BLOCKS = YES;
				GCC_OPTIMIZATION_LEVEL = 0;
				GCC_PREPROCESSOR_DEFINITIONS = (
					"DEBUG=1",
					"$(inherited)",
				);
				GCC_WARN_64_TO_32_BIT_CONVERSION = YES;
				GCC_WARN_ABOUT_RETURN_TYPE = YES_ERROR;
				GCC_WARN_UNDECLARED_SELECTOR = YES;
				GCC_WARN_UNINITIALIZED_AUTOS = YES_AGGRESSIVE;
				GCC_WARN_UNUSED_FUNCTION = YES;
				GCC_WARN_UNUSED_VARIABLE = YES;
				IPHONEOS_DEPLOYMENT_TARGET = 15.2;
				MTL_ENABLE_DEBUG_INFO = INCLUDE_SOURCE;
				MTL_FAST_MATH = YES;
				ONLY_ACTIVE_ARCH = YES;
				SDKROOT = iphoneos;
				SWIFT_ACTIVE_COMPILATION_CONDITIONS = DEBUG;
				SWIFT_OPTIMIZATION_LEVEL = "-Onone";
			};
			name = Debug;
		};
		B42B5E2D27FA119F00DFCC69 /* Release */ = {
			isa = XCBuildConfiguration;
			buildSettings = {
				ALWAYS_SEARCH_USER_PATHS = NO;
				CLANG_ANALYZER_NONNULL = YES;
				CLANG_ANALYZER_NUMBER_OBJECT_CONVERSION = YES_AGGRESSIVE;
				CLANG_CXX_LANGUAGE_STANDARD = "gnu++17";
				CLANG_CXX_LIBRARY = "libc++";
				CLANG_ENABLE_MODULES = YES;
				CLANG_ENABLE_OBJC_ARC = YES;
				CLANG_ENABLE_OBJC_WEAK = YES;
				CLANG_WARN_BLOCK_CAPTURE_AUTORELEASING = YES;
				CLANG_WARN_BOOL_CONVERSION = YES;
				CLANG_WARN_COMMA = YES;
				CLANG_WARN_CONSTANT_CONVERSION = YES;
				CLANG_WARN_DEPRECATED_OBJC_IMPLEMENTATIONS = YES;
				CLANG_WARN_DIRECT_OBJC_ISA_USAGE = YES_ERROR;
				CLANG_WARN_DOCUMENTATION_COMMENTS = YES;
				CLANG_WARN_EMPTY_BODY = YES;
				CLANG_WARN_ENUM_CONVERSION = YES;
				CLANG_WARN_INFINITE_RECURSION = YES;
				CLANG_WARN_INT_CONVERSION = YES;
				CLANG_WARN_NON_LITERAL_NULL_CONVERSION = YES;
				CLANG_WARN_OBJC_IMPLICIT_RETAIN_SELF = YES;
				CLANG_WARN_OBJC_LITERAL_CONVERSION = YES;
				CLANG_WARN_OBJC_ROOT_CLASS = YES_ERROR;
				CLANG_WARN_QUOTED_INCLUDE_IN_FRAMEWORK_HEADER = YES;
				CLANG_WARN_RANGE_LOOP_ANALYSIS = YES;
				CLANG_WARN_STRICT_PROTOTYPES = YES;
				CLANG_WARN_SUSPICIOUS_MOVE = YES;
				CLANG_WARN_UNGUARDED_AVAILABILITY = YES_AGGRESSIVE;
				CLANG_WARN_UNREACHABLE_CODE = YES;
				CLANG_WARN__DUPLICATE_METHOD_MATCH = YES;
				COPY_PHASE_STRIP = NO;
				DEBUG_INFORMATION_FORMAT = "dwarf-with-dsym";
				ENABLE_NS_ASSERTIONS = NO;
				ENABLE_STRICT_OBJC_MSGSEND = YES;
				GCC_C_LANGUAGE_STANDARD = gnu11;
				GCC_NO_COMMON_BLOCKS = YES;
				GCC_WARN_64_TO_32_BIT_CONVERSION = YES;
				GCC_WARN_ABOUT_RETURN_TYPE = YES_ERROR;
				GCC_WARN_UNDECLARED_SELECTOR = YES;
				GCC_WARN_UNINITIALIZED_AUTOS = YES_AGGRESSIVE;
				GCC_WARN_UNUSED_FUNCTION = YES;
				GCC_WARN_UNUSED_VARIABLE = YES;
				IPHONEOS_DEPLOYMENT_TARGET = 15.2;
				MTL_ENABLE_DEBUG_INFO = NO;
				MTL_FAST_MATH = YES;
				SDKROOT = iphoneos;
				SWIFT_COMPILATION_MODE = wholemodule;
				SWIFT_OPTIMIZATION_LEVEL = "-O";
				VALIDATE_PRODUCT = YES;
			};
			name = Release;
		};
		B42B5E2F27FA119F00DFCC69 /* Debug */ = {
			isa = XCBuildConfiguration;
			baseConfigurationReference = 7D6CFA58AE25B691C0F80C24 /* Pods-NextDorm.debug.xcconfig */;
			buildSettings = {
				ASSETCATALOG_COMPILER_APPICON_NAME = AppIcon;
				ASSETCATALOG_COMPILER_GLOBAL_ACCENT_COLOR_NAME = AccentColor;
				CODE_SIGN_STYLE = Automatic;
				CURRENT_PROJECT_VERSION = 1;
				DEVELOPMENT_TEAM = F969X7N8TU;
				GENERATE_INFOPLIST_FILE = YES;
				INFOPLIST_FILE = NextDorm/Info.plist;
				INFOPLIST_KEY_UIApplicationSupportsIndirectInputEvents = YES;
				INFOPLIST_KEY_UILaunchStoryboardName = LaunchScreen;
				INFOPLIST_KEY_UIMainStoryboardFile = Main;
				INFOPLIST_KEY_UISupportedInterfaceOrientations_iPad = "UIInterfaceOrientationPortrait UIInterfaceOrientationPortraitUpsideDown UIInterfaceOrientationLandscapeLeft UIInterfaceOrientationLandscapeRight";
				INFOPLIST_KEY_UISupportedInterfaceOrientations_iPhone = "UIInterfaceOrientationPortrait UIInterfaceOrientationLandscapeLeft UIInterfaceOrientationLandscapeRight";
				LD_RUNPATH_SEARCH_PATHS = (
					"$(inherited)",
					"@executable_path/Frameworks",
				);
				MARKETING_VERSION = 1.0;
				PRODUCT_BUNDLE_IDENTIFIER = com.annastubler.NextDorm;
				PRODUCT_NAME = "$(TARGET_NAME)";
				SWIFT_EMIT_LOC_STRINGS = YES;
				SWIFT_VERSION = 5.0;
				TARGETED_DEVICE_FAMILY = "1,2";
			};
			name = Debug;
		};
		B42B5E3027FA119F00DFCC69 /* Release */ = {
			isa = XCBuildConfiguration;
			baseConfigurationReference = C9E28669688DD9B899702A82 /* Pods-NextDorm.release.xcconfig */;
			buildSettings = {
				ASSETCATALOG_COMPILER_APPICON_NAME = AppIcon;
				ASSETCATALOG_COMPILER_GLOBAL_ACCENT_COLOR_NAME = AccentColor;
				CODE_SIGN_STYLE = Automatic;
				CURRENT_PROJECT_VERSION = 1;
				DEVELOPMENT_TEAM = F969X7N8TU;
				GENERATE_INFOPLIST_FILE = YES;
				INFOPLIST_FILE = NextDorm/Info.plist;
				INFOPLIST_KEY_UIApplicationSupportsIndirectInputEvents = YES;
				INFOPLIST_KEY_UILaunchStoryboardName = LaunchScreen;
				INFOPLIST_KEY_UIMainStoryboardFile = Main;
				INFOPLIST_KEY_UISupportedInterfaceOrientations_iPad = "UIInterfaceOrientationPortrait UIInterfaceOrientationPortraitUpsideDown UIInterfaceOrientationLandscapeLeft UIInterfaceOrientationLandscapeRight";
				INFOPLIST_KEY_UISupportedInterfaceOrientations_iPhone = "UIInterfaceOrientationPortrait UIInterfaceOrientationLandscapeLeft UIInterfaceOrientationLandscapeRight";
				LD_RUNPATH_SEARCH_PATHS = (
					"$(inherited)",
					"@executable_path/Frameworks",
				);
				MARKETING_VERSION = 1.0;
				PRODUCT_BUNDLE_IDENTIFIER = com.annastubler.NextDorm;
				PRODUCT_NAME = "$(TARGET_NAME)";
				SWIFT_EMIT_LOC_STRINGS = YES;
				SWIFT_VERSION = 5.0;
				TARGETED_DEVICE_FAMILY = "1,2";
			};
			name = Release;
		};
		B42B5E3227FA119F00DFCC69 /* Debug */ = {
			isa = XCBuildConfiguration;
			baseConfigurationReference = 08F1F5014D154CE1FF7C0409 /* Pods-NextDormTests.debug.xcconfig */;
			buildSettings = {
				ALWAYS_EMBED_SWIFT_STANDARD_LIBRARIES = YES;
				BUNDLE_LOADER = "$(TEST_HOST)";
				CODE_SIGN_STYLE = Automatic;
				CURRENT_PROJECT_VERSION = 1;
				DEVELOPMENT_TEAM = F969X7N8TU;
				GENERATE_INFOPLIST_FILE = YES;
				IPHONEOS_DEPLOYMENT_TARGET = 15.2;
				MARKETING_VERSION = 1.0;
				PRODUCT_BUNDLE_IDENTIFIER = com.annastubler.NextDormTests;
				PRODUCT_NAME = "$(TARGET_NAME)";
				SWIFT_EMIT_LOC_STRINGS = NO;
				SWIFT_VERSION = 5.0;
				TARGETED_DEVICE_FAMILY = "1,2";
				TEST_HOST = "$(BUILT_PRODUCTS_DIR)/NextDorm.app/NextDorm";
			};
			name = Debug;
		};
		B42B5E3327FA119F00DFCC69 /* Release */ = {
			isa = XCBuildConfiguration;
			baseConfigurationReference = 5395987E1463B45D795778B8 /* Pods-NextDormTests.release.xcconfig */;
			buildSettings = {
				ALWAYS_EMBED_SWIFT_STANDARD_LIBRARIES = YES;
				BUNDLE_LOADER = "$(TEST_HOST)";
				CODE_SIGN_STYLE = Automatic;
				CURRENT_PROJECT_VERSION = 1;
				DEVELOPMENT_TEAM = F969X7N8TU;
				GENERATE_INFOPLIST_FILE = YES;
				IPHONEOS_DEPLOYMENT_TARGET = 15.2;
				MARKETING_VERSION = 1.0;
				PRODUCT_BUNDLE_IDENTIFIER = com.annastubler.NextDormTests;
				PRODUCT_NAME = "$(TARGET_NAME)";
				SWIFT_EMIT_LOC_STRINGS = NO;
				SWIFT_VERSION = 5.0;
				TARGETED_DEVICE_FAMILY = "1,2";
				TEST_HOST = "$(BUILT_PRODUCTS_DIR)/NextDorm.app/NextDorm";
			};
			name = Release;
		};
		B42B5E3527FA119F00DFCC69 /* Debug */ = {
			isa = XCBuildConfiguration;
			baseConfigurationReference = F64020014F1E77F8A1430313 /* Pods-NextDorm-NextDormUITests.debug.xcconfig */;
			buildSettings = {
				ALWAYS_EMBED_SWIFT_STANDARD_LIBRARIES = YES;
				CODE_SIGN_STYLE = Automatic;
				CURRENT_PROJECT_VERSION = 1;
				DEVELOPMENT_TEAM = F969X7N8TU;
				GENERATE_INFOPLIST_FILE = YES;
				MARKETING_VERSION = 1.0;
				PRODUCT_BUNDLE_IDENTIFIER = com.annastubler.NextDormUITests;
				PRODUCT_NAME = "$(TARGET_NAME)";
				SWIFT_EMIT_LOC_STRINGS = NO;
				SWIFT_VERSION = 5.0;
				TARGETED_DEVICE_FAMILY = "1,2";
				TEST_TARGET_NAME = NextDorm;
			};
			name = Debug;
		};
		B42B5E3627FA119F00DFCC69 /* Release */ = {
			isa = XCBuildConfiguration;
			baseConfigurationReference = B8538D4311291B440F6EEDF3 /* Pods-NextDorm-NextDormUITests.release.xcconfig */;
			buildSettings = {
				ALWAYS_EMBED_SWIFT_STANDARD_LIBRARIES = YES;
				CODE_SIGN_STYLE = Automatic;
				CURRENT_PROJECT_VERSION = 1;
				DEVELOPMENT_TEAM = F969X7N8TU;
				GENERATE_INFOPLIST_FILE = YES;
				MARKETING_VERSION = 1.0;
				PRODUCT_BUNDLE_IDENTIFIER = com.annastubler.NextDormUITests;
				PRODUCT_NAME = "$(TARGET_NAME)";
				SWIFT_EMIT_LOC_STRINGS = NO;
				SWIFT_VERSION = 5.0;
				TARGETED_DEVICE_FAMILY = "1,2";
				TEST_TARGET_NAME = NextDorm;
			};
			name = Release;
		};
/* End XCBuildConfiguration section */

/* Begin XCConfigurationList section */
		B42B5DFF27FA119A00DFCC69 /* Build configuration list for PBXProject "NextDorm" */ = {
			isa = XCConfigurationList;
			buildConfigurations = (
				B42B5E2C27FA119F00DFCC69 /* Debug */,
				B42B5E2D27FA119F00DFCC69 /* Release */,
			);
			defaultConfigurationIsVisible = 0;
			defaultConfigurationName = Release;
		};
		B42B5E2E27FA119F00DFCC69 /* Build configuration list for PBXNativeTarget "NextDorm" */ = {
			isa = XCConfigurationList;
			buildConfigurations = (
				B42B5E2F27FA119F00DFCC69 /* Debug */,
				B42B5E3027FA119F00DFCC69 /* Release */,
			);
			defaultConfigurationIsVisible = 0;
			defaultConfigurationName = Release;
		};
		B42B5E3127FA119F00DFCC69 /* Build configuration list for PBXNativeTarget "NextDormTests" */ = {
			isa = XCConfigurationList;
			buildConfigurations = (
				B42B5E3227FA119F00DFCC69 /* Debug */,
				B42B5E3327FA119F00DFCC69 /* Release */,
			);
			defaultConfigurationIsVisible = 0;
			defaultConfigurationName = Release;
		};
		B42B5E3427FA119F00DFCC69 /* Build configuration list for PBXNativeTarget "NextDormUITests" */ = {
			isa = XCConfigurationList;
			buildConfigurations = (
				B42B5E3527FA119F00DFCC69 /* Debug */,
				B42B5E3627FA119F00DFCC69 /* Release */,
			);
			defaultConfigurationIsVisible = 0;
			defaultConfigurationName = Release;
		};
/* End XCConfigurationList section */
	};
	rootObject = B42B5DFC27FA119A00DFCC69 /* Project object */;
}
